// !$*UTF8*$!
{
	archiveVersion = 1;
	classes = {
	};
	objectVersion = 50;
	objects = {

/* Begin PBXBuildFile section */
		F8CFCE0D264463C1003B94E9 /* StartingAnimationsApp.swift in Sources */ = {isa = PBXBuildFile; fileRef = F8CFCE0C264463C1003B94E9 /* StartingAnimationsApp.swift */; };
		F8CFCE0F264463C1003B94E9 /* ContentView.swift in Sources */ = {isa = PBXBuildFile; fileRef = F8CFCE0E264463C1003B94E9 /* ContentView.swift */; };
		F8CFCE11264463C2003B94E9 /* Assets.xcassets in Resources */ = {isa = PBXBuildFile; fileRef = F8CFCE10264463C2003B94E9 /* Assets.xcassets */; };
		F8CFCE14264463C2003B94E9 /* Preview Assets.xcassets in Resources */ = {isa = PBXBuildFile; fileRef = F8CFCE13264463C2003B94E9 /* Preview Assets.xcassets */; };
		F8CFCE1F264463C2003B94E9 /* StartingAnimationsTests.swift in Sources */ = {isa = PBXBuildFile; fileRef = F8CFCE1E264463C2003B94E9 /* StartingAnimationsTests.swift */; };
		F8CFCE2A264463C2003B94E9 /* StartingAnimationsUITests.swift in Sources */ = {isa = PBXBuildFile; fileRef = F8CFCE29264463C2003B94E9 /* StartingAnimationsUITests.swift */; };
/* End PBXBuildFile section */

/* Begin PBXContainerItemProxy section */
		F8CFCE1B264463C2003B94E9 /* PBXContainerItemProxy */ = {
			isa = PBXContainerItemProxy;
			containerPortal = F8CFCE01264463C1003B94E9 /* Project object */;
			proxyType = 1;
			remoteGlobalIDString = F8CFCE08264463C1003B94E9;
			remoteInfo = StartingAnimations;
		};
		F8CFCE26264463C2003B94E9 /* PBXContainerItemProxy */ = {
			isa = PBXContainerItemProxy;
			containerPortal = F8CFCE01264463C1003B94E9 /* Project object */;
			proxyType = 1;
			remoteGlobalIDString = F8CFCE08264463C1003B94E9;
			remoteInfo = StartingAnimations;
		};
/* End PBXContainerItemProxy section */

/* Begin PBXFileReference section */
		F8CFCE09264463C1003B94E9 /* StartingAnimations.app */ = {isa = PBXFileReference; explicitFileType = wrapper.application; includeInIndex = 0; path = StartingAnimations.app; sourceTree = BUILT_PRODUCTS_DIR; };
		F8CFCE0C264463C1003B94E9 /* StartingAnimationsApp.swift */ = {isa = PBXFileReference; lastKnownFileType = sourcecode.swift; path = StartingAnimationsApp.swift; sourceTree = "<group>"; };
		F8CFCE0E264463C1003B94E9 /* ContentView.swift */ = {isa = PBXFileReference; lastKnownFileType = sourcecode.swift; path = ContentView.swift; sourceTree = "<group>"; };
		F8CFCE10264463C2003B94E9 /* Assets.xcassets */ = {isa = PBXFileReference; lastKnownFileType = folder.assetcatalog; path = Assets.xcassets; sourceTree = "<group>"; };
		F8CFCE13264463C2003B94E9 /* Preview Assets.xcassets */ = {isa = PBXFileReference; lastKnownFileType = folder.assetcatalog; path = "Preview Assets.xcassets"; sourceTree = "<group>"; };
		F8CFCE15264463C2003B94E9 /* Info.plist */ = {isa = PBXFileReference; lastKnownFileType = text.plist.xml; path = Info.plist; sourceTree = "<group>"; };
		F8CFCE1A264463C2003B94E9 /* StartingAnimationsTests.xctest */ = {isa = PBXFileReference; explicitFileType = wrapper.cfbundle; includeInIndex = 0; path = StartingAnimationsTests.xctest; sourceTree = BUILT_PRODUCTS_DIR; };
		F8CFCE1E264463C2003B94E9 /* StartingAnimationsTests.swift */ = {isa = PBXFileReference; lastKnownFileType = sourcecode.swift; path = StartingAnimationsTests.swift; sourceTree = "<group>"; };
		F8CFCE20264463C2003B94E9 /* Info.plist */ = {isa = PBXFileReference; lastKnownFileType = text.plist.xml; path = Info.plist; sourceTree = "<group>"; };
		F8CFCE25264463C2003B94E9 /* StartingAnimationsUITests.xctest */ = {isa = PBXFileReference; explicitFileType = wrapper.cfbundle; includeInIndex = 0; path = StartingAnimationsUITests.xctest; sourceTree = BUILT_PRODUCTS_DIR; };
		F8CFCE29264463C2003B94E9 /* StartingAnimationsUITests.swift */ = {isa = PBXFileReference; lastKnownFileType = sourcecode.swift; path = StartingAnimationsUITests.swift; sourceTree = "<group>"; };
		F8CFCE2B264463C2003B94E9 /* Info.plist */ = {isa = PBXFileReference; lastKnownFileType = text.plist.xml; path = Info.plist; sourceTree = "<group>"; };
/* End PBXFileReference section */

/* Begin PBXFrameworksBuildPhase section */
		F8CFCE06264463C1003B94E9 /* Frameworks */ = {
			isa = PBXFrameworksBuildPhase;
			buildActionMask = 2147483647;
			files = (
			);
			runOnlyForDeploymentPostprocessing = 0;
		};
		F8CFCE17264463C2003B94E9 /* Frameworks */ = {
			isa = PBXFrameworksBuildPhase;
			buildActionMask = 2147483647;
			files = (
			);
			runOnlyForDeploymentPostprocessing = 0;
		};
		F8CFCE22264463C2003B94E9 /* Frameworks */ = {
			isa = PBXFrameworksBuildPhase;
			buildActionMask = 2147483647;
			files = (
			);
			runOnlyForDeploymentPostprocessing = 0;
		};
/* End PBXFrameworksBuildPhase section */

/* Begin PBXGroup section */
		F8CFCE00264463C1003B94E9 = {
			isa = PBXGroup;
			children = (
				F8CFCE0B264463C1003B94E9 /* StartingAnimations */,
				F8CFCE1D264463C2003B94E9 /* StartingAnimationsTests */,
				F8CFCE28264463C2003B94E9 /* StartingAnimationsUITests */,
				F8CFCE0A264463C1003B94E9 /* Products */,
			);
			sourceTree = "<group>";
		};
		F8CFCE0A264463C1003B94E9 /* Products */ = {
			isa = PBXGroup;
			children = (
				F8CFCE09264463C1003B94E9 /* StartingAnimations.app */,
				F8CFCE1A264463C2003B94E9 /* StartingAnimationsTests.xctest */,
				F8CFCE25264463C2003B94E9 /* StartingAnimationsUITests.xctest */,
			);
			name = Products;
			sourceTree = "<group>";
		};
		F8CFCE0B264463C1003B94E9 /* StartingAnimations */ = {
			isa = PBXGroup;
			children = (
				F8CFCE0C264463C1003B94E9 /* StartingAnimationsApp.swift */,
				F8CFCE0E264463C1003B94E9 /* ContentView.swift */,
				F8CFCE10264463C2003B94E9 /* Assets.xcassets */,
				F8CFCE15264463C2003B94E9 /* Info.plist */,
				F8CFCE12264463C2003B94E9 /* Preview Content */,
			);
			path = StartingAnimations;
			sourceTree = "<group>";
		};
		F8CFCE12264463C2003B94E9 /* Preview Content */ = {
			isa = PBXGroup;
			children = (
				F8CFCE13264463C2003B94E9 /* Preview Assets.xcassets */,
			);
			path = "Preview Content";
			sourceTree = "<group>";
		};
		F8CFCE1D264463C2003B94E9 /* StartingAnimationsTests */ = {
			isa = PBXGroup;
			children = (
				F8CFCE1E264463C2003B94E9 /* StartingAnimationsTests.swift */,
				F8CFCE20264463C2003B94E9 /* Info.plist */,
			);
			path = StartingAnimationsTests;
			sourceTree = "<group>";
		};
		F8CFCE28264463C2003B94E9 /* StartingAnimationsUITests */ = {
			isa = PBXGroup;
			children = (
				F8CFCE29264463C2003B94E9 /* StartingAnimationsUITests.swift */,
				F8CFCE2B264463C2003B94E9 /* Info.plist */,
			);
			path = StartingAnimationsUITests;
			sourceTree = "<group>";
		};
/* End PBXGroup section */

/* Begin PBXNativeTarget section */
		F8CFCE08264463C1003B94E9 /* StartingAnimations */ = {
			isa = PBXNativeTarget;
			buildConfigurationList = F8CFCE2E264463C2003B94E9 /* Build configuration list for PBXNativeTarget "StartingAnimations" */;
			buildPhases = (
				F8CFCE05264463C1003B94E9 /* Sources */,
				F8CFCE06264463C1003B94E9 /* Frameworks */,
				F8CFCE07264463C1003B94E9 /* Resources */,
			);
			buildRules = (
			);
			dependencies = (
			);
			name = StartingAnimations;
			productName = StartingAnimations;
			productReference = F8CFCE09264463C1003B94E9 /* StartingAnimations.app */;
			productType = "com.apple.product-type.application";
		};
		F8CFCE19264463C2003B94E9 /* StartingAnimationsTests */ = {
			isa = PBXNativeTarget;
			buildConfigurationList = F8CFCE31264463C2003B94E9 /* Build configuration list for PBXNativeTarget "StartingAnimationsTests" */;
			buildPhases = (
				F8CFCE16264463C2003B94E9 /* Sources */,
				F8CFCE17264463C2003B94E9 /* Frameworks */,
				F8CFCE18264463C2003B94E9 /* Resources */,
			);
			buildRules = (
			);
			dependencies = (
				F8CFCE1C264463C2003B94E9 /* PBXTargetDependency */,
			);
			name = StartingAnimationsTests;
			productName = StartingAnimationsTests;
			productReference = F8CFCE1A264463C2003B94E9 /* StartingAnimationsTests.xctest */;
			productType = "com.apple.product-type.bundle.unit-test";
		};
		F8CFCE24264463C2003B94E9 /* StartingAnimationsUITests */ = {
			isa = PBXNativeTarget;
			buildConfigurationList = F8CFCE34264463C2003B94E9 /* Build configuration list for PBXNativeTarget "StartingAnimationsUITests" */;
			buildPhases = (
				F8CFCE21264463C2003B94E9 /* Sources */,
				F8CFCE22264463C2003B94E9 /* Frameworks */,
				F8CFCE23264463C2003B94E9 /* Resources */,
			);
			buildRules = (
			);
			dependencies = (
				F8CFCE27264463C2003B94E9 /* PBXTargetDependency */,
			);
			name = StartingAnimationsUITests;
			productName = StartingAnimationsUITests;
			productReference = F8CFCE25264463C2003B94E9 /* StartingAnimationsUITests.xctest */;
			productType = "com.apple.product-type.bundle.ui-testing";
		};
/* End PBXNativeTarget section */

/* Begin PBXProject section */
		F8CFCE01264463C1003B94E9 /* Project object */ = {
			isa = PBXProject;
			attributes = {
				LastSwiftUpdateCheck = 1250;
				LastUpgradeCheck = 1250;
				TargetAttributes = {
					F8CFCE08264463C1003B94E9 = {
						CreatedOnToolsVersion = 12.5;
					};
					F8CFCE19264463C2003B94E9 = {
						CreatedOnToolsVersion = 12.5;
						TestTargetID = F8CFCE08264463C1003B94E9;
					};
					F8CFCE24264463C2003B94E9 = {
						CreatedOnToolsVersion = 12.5;
						TestTargetID = F8CFCE08264463C1003B94E9;
					};
				};
			};
			buildConfigurationList = F8CFCE04264463C1003B94E9 /* Build configuration list for PBXProject "StartingAnimations" */;
			compatibilityVersion = "Xcode 9.3";
			developmentRegion = en;
			hasScannedForEncodings = 0;
			knownRegions = (
				en,
				Base,
			);
			mainGroup = F8CFCE00264463C1003B94E9;
			productRefGroup = F8CFCE0A264463C1003B94E9 /* Products */;
			projectDirPath = "";
			projectRoot = "";
			targets = (
				F8CFCE08264463C1003B94E9 /* StartingAnimations */,
				F8CFCE19264463C2003B94E9 /* StartingAnimationsTests */,
				F8CFCE24264463C2003B94E9 /* StartingAnimationsUITests */,
			);
		};
/* End PBXProject section */

/* Begin PBXResourcesBuildPhase section */
		F8CFCE07264463C1003B94E9 /* Resources */ = {
			isa = PBXResourcesBuildPhase;
			buildActionMask = 2147483647;
			files = (
				F8CFCE14264463C2003B94E9 /* Preview Assets.xcassets in Resources */,
				F8CFCE11264463C2003B94E9 /* Assets.xcassets in Resources */,
			);
			runOnlyForDeploymentPostprocessing = 0;
		};
		F8CFCE18264463C2003B94E9 /* Resources */ = {
			isa = PBXResourcesBuildPhase;
			buildActionMask = 2147483647;
			files = (
			);
			runOnlyForDeploymentPostprocessing = 0;
		};
		F8CFCE23264463C2003B94E9 /* Resources */ = {
			isa = PBXResourcesBuildPhase;
			buildActionMask = 2147483647;
			files = (
			);
			runOnlyForDeploymentPostprocessing = 0;
		};
/* End PBXResourcesBuildPhase section */

/* Begin PBXSourcesBuildPhase section */
		F8CFCE05264463C1003B94E9 /* Sources */ = {
			isa = PBXSourcesBuildPhase;
			buildActionMask = 2147483647;
			files = (
				F8CFCE0F264463C1003B94E9 /* ContentView.swift in Sources */,
				F8CFCE0D264463C1003B94E9 /* StartingAnimationsApp.swift in Sources */,
			);
			runOnlyForDeploymentPostprocessing = 0;
		};
		F8CFCE16264463C2003B94E9 /* Sources */ = {
			isa = PBXSourcesBuildPhase;
			buildActionMask = 2147483647;
			files = (
				F8CFCE1F264463C2003B94E9 /* StartingAnimationsTests.swift in Sources */,
			);
			runOnlyForDeploymentPostprocessing = 0;
		};
		F8CFCE21264463C2003B94E9 /* Sources */ = {
			isa = PBXSourcesBuildPhase;
			buildActionMask = 2147483647;
			files = (
				F8CFCE2A264463C2003B94E9 /* StartingAnimationsUITests.swift in Sources */,
			);
			runOnlyForDeploymentPostprocessing = 0;
		};
/* End PBXSourcesBuildPhase section */

/* Begin PBXTargetDependency section */
		F8CFCE1C264463C2003B94E9 /* PBXTargetDependency */ = {
			isa = PBXTargetDependency;
			target = F8CFCE08264463C1003B94E9 /* StartingAnimations */;
			targetProxy = F8CFCE1B264463C2003B94E9 /* PBXContainerItemProxy */;
		};
		F8CFCE27264463C2003B94E9 /* PBXTargetDependency */ = {
			isa = PBXTargetDependency;
			target = F8CFCE08264463C1003B94E9 /* StartingAnimations */;
			targetProxy = F8CFCE26264463C2003B94E9 /* PBXContainerItemProxy */;
		};
/* End PBXTargetDependency section */

/* Begin XCBuildConfiguration section */
		F8CFCE2C264463C2003B94E9 /* Debug */ = {
			isa = XCBuildConfiguration;
			buildSettings = {
				ALWAYS_SEARCH_USER_PATHS = NO;
				CLANG_ANALYZER_NONNULL = YES;
				CLANG_ANALYZER_NUMBER_OBJECT_CONVERSION = YES_AGGRESSIVE;
				CLANG_CXX_LANGUAGE_STANDARD = "gnu++14";
				CLANG_CXX_LIBRARY = "libc++";
				CLANG_ENABLE_MODULES = YES;
				CLANG_ENABLE_OBJC_ARC = YES;
				CLANG_ENABLE_OBJC_WEAK = YES;
				CLANG_WARN_BLOCK_CAPTURE_AUTORELEASING = YES;
				CLANG_WARN_BOOL_CONVERSION = YES;
				CLANG_WARN_COMMA = YES;
				CLANG_WARN_CONSTANT_CONVERSION = YES;
				CLANG_WARN_DEPRECATED_OBJC_IMPLEMENTATIONS = YES;
				CLANG_WARN_DIRECT_OBJC_ISA_USAGE = YES_ERROR;
				CLANG_WARN_DOCUMENTATION_COMMENTS = YES;
				CLANG_WARN_EMPTY_BODY = YES;
				CLANG_WARN_ENUM_CONVERSION = YES;
				CLANG_WARN_INFINITE_RECURSION = YES;
				CLANG_WARN_INT_CONVERSION = YES;
				CLANG_WARN_NON_LITERAL_NULL_CONVERSION = YES;
				CLANG_WARN_OBJC_IMPLICIT_RETAIN_SELF = YES;
				CLANG_WARN_OBJC_LITERAL_CONVERSION = YES;
				CLANG_WARN_OBJC_ROOT_CLASS = YES_ERROR;
				CLANG_WARN_QUOTED_INCLUDE_IN_FRAMEWORK_HEADER = YES;
				CLANG_WARN_RANGE_LOOP_ANALYSIS = YES;
				CLANG_WARN_STRICT_PROTOTYPES = YES;
				CLANG_WARN_SUSPICIOUS_MOVE = YES;
				CLANG_WARN_UNGUARDED_AVAILABILITY = YES_AGGRESSIVE;
				CLANG_WARN_UNREACHABLE_CODE = YES;
				CLANG_WARN__DUPLICATE_METHOD_MATCH = YES;
				COPY_PHASE_STRIP = NO;
				DEBUG_INFORMATION_FORMAT = dwarf;
				ENABLE_STRICT_OBJC_MSGSEND = YES;
				ENABLE_TESTABILITY = YES;
				GCC_C_LANGUAGE_STANDARD = gnu11;
				GCC_DYNAMIC_NO_PIC = NO;
				GCC_NO_COMMON_BLOCKS = YES;
				GCC_OPTIMIZATION_LEVEL = 0;
				GCC_PREPROCESSOR_DEFINITIONS = (
					"DEBUG=1",
					"$(inherited)",
				);
				GCC_WARN_64_TO_32_BIT_CONVERSION = YES;
				GCC_WARN_ABOUT_RETURN_TYPE = YES_ERROR;
				GCC_WARN_UNDECLARED_SELECTOR = YES;
				GCC_WARN_UNINITIALIZED_AUTOS = YES_AGGRESSIVE;
				GCC_WARN_UNUSED_FUNCTION = YES;
				GCC_WARN_UNUSED_VARIABLE = YES;
				IPHONEOS_DEPLOYMENT_TARGET = 14.5;
				MTL_ENABLE_DEBUG_INFO = INCLUDE_SOURCE;
				MTL_FAST_MATH = YES;
				ONLY_ACTIVE_ARCH = YES;
				SDKROOT = iphoneos;
				SWIFT_ACTIVE_COMPILATION_CONDITIONS = DEBUG;
				SWIFT_OPTIMIZATION_LEVEL = "-Onone";
			};
			name = Debug;
		};
		F8CFCE2D264463C2003B94E9 /* Release */ = {
			isa = XCBuildConfiguration;
			buildSettings = {
				ALWAYS_SEARCH_USER_PATHS = NO;
				CLANG_ANALYZER_NONNULL = YES;
				CLANG_ANALYZER_NUMBER_OBJECT_CONVERSION = YES_AGGRESSIVE;
				CLANG_CXX_LANGUAGE_STANDARD = "gnu++14";
				CLANG_CXX_LIBRARY = "libc++";
				CLANG_ENABLE_MODULES = YES;
				CLANG_ENABLE_OBJC_ARC = YES;
				CLANG_ENABLE_OBJC_WEAK = YES;
				CLANG_WARN_BLOCK_CAPTURE_AUTORELEASING = YES;
				CLANG_WARN_BOOL_CONVERSION = YES;
				CLANG_WARN_COMMA = YES;
				CLANG_WARN_CONSTANT_CONVERSION = YES;
				CLANG_WARN_DEPRECATED_OBJC_IMPLEMENTATIONS = YES;
				CLANG_WARN_DIRECT_OBJC_ISA_USAGE = YES_ERROR;
				CLANG_WARN_DOCUMENTATION_COMMENTS = YES;
				CLANG_WARN_EMPTY_BODY = YES;
				CLANG_WARN_ENUM_CONVERSION = YES;
				CLANG_WARN_INFINITE_RECURSION = YES;
				CLANG_WARN_INT_CONVERSION = YES;
				CLANG_WARN_NON_LITERAL_NULL_CONVERSION = YES;
				CLANG_WARN_OBJC_IMPLICIT_RETAIN_SELF = YES;
				CLANG_WARN_OBJC_LITERAL_CONVERSION = YES;
				CLANG_WARN_OBJC_ROOT_CLASS = YES_ERROR;
				CLANG_WARN_QUOTED_INCLUDE_IN_FRAMEWORK_HEADER = YES;
				CLANG_WARN_RANGE_LOOP_ANALYSIS = YES;
				CLANG_WARN_STRICT_PROTOTYPES = YES;
				CLANG_WARN_SUSPICIOUS_MOVE = YES;
				CLANG_WARN_UNGUARDED_AVAILABILITY = YES_AGGRESSIVE;
				CLANG_WARN_UNREACHABLE_CODE = YES;
				CLANG_WARN__DUPLICATE_METHOD_MATCH = YES;
				COPY_PHASE_STRIP = NO;
				DEBUG_INFORMATION_FORMAT = "dwarf-with-dsym";
				ENABLE_NS_ASSERTIONS = NO;
				ENABLE_STRICT_OBJC_MSGSEND = YES;
				GCC_C_LANGUAGE_STANDARD = gnu11;
				GCC_NO_COMMON_BLOCKS = YES;
				GCC_WARN_64_TO_32_BIT_CONVERSION = YES;
				GCC_WARN_ABOUT_RETURN_TYPE = YES_ERROR;
				GCC_WARN_UNDECLARED_SELECTOR = YES;
				GCC_WARN_UNINITIALIZED_AUTOS = YES_AGGRESSIVE;
				GCC_WARN_UNUSED_FUNCTION = YES;
				GCC_WARN_UNUSED_VARIABLE = YES;
				IPHONEOS_DEPLOYMENT_TARGET = 14.5;
				MTL_ENABLE_DEBUG_INFO = NO;
				MTL_FAST_MATH = YES;
				SDKROOT = iphoneos;
				SWIFT_COMPILATION_MODE = wholemodule;
				SWIFT_OPTIMIZATION_LEVEL = "-O";
				VALIDATE_PRODUCT = YES;
			};
			name = Release;
		};
		F8CFCE2F264463C2003B94E9 /* Debug */ = {
			isa = XCBuildConfiguration;
			buildSettings = {
				ASSETCATALOG_COMPILER_APPICON_NAME = AppIcon;
				ASSETCATALOG_COMPILER_GLOBAL_ACCENT_COLOR_NAME = AccentColor;
				CODE_SIGN_STYLE = Automatic;
				DEVELOPMENT_ASSET_PATHS = "\"StartingAnimations/Preview Content\"";
				ENABLE_PREVIEWS = YES;
				INFOPLIST_FILE = StartingAnimations/Info.plist;
				IPHONEOS_DEPLOYMENT_TARGET = 14.0;
				LD_RUNPATH_SEARCH_PATHS = (
					"$(inherited)",
					"@executable_path/Frameworks",
				);
				PRODUCT_BUNDLE_IDENTIFIER = at.arkulpa.StartingAnimations;
				PRODUCT_NAME = "$(TARGET_NAME)";
				SWIFT_VERSION = 5.0;
				TARGETED_DEVICE_FAMILY = "1,2";
			};
			name = Debug;
		};
		F8CFCE30264463C2003B94E9 /* Release */ = {
			isa = XCBuildConfiguration;
			buildSettings = {
				ASSETCATALOG_COMPILER_APPICON_NAME = AppIcon;
				ASSETCATALOG_COMPILER_GLOBAL_ACCENT_COLOR_NAME = AccentColor;
				CODE_SIGN_STYLE = Automatic;
				DEVELOPMENT_ASSET_PATHS = "\"StartingAnimations/Preview Content\"";
				ENABLE_PREVIEWS = YES;
				INFOPLIST_FILE = StartingAnimations/Info.plist;
				IPHONEOS_DEPLOYMENT_TARGET = 14.0;
				LD_RUNPATH_SEARCH_PATHS = (
					"$(inherited)",
					"@executable_path/Frameworks",
				);
				PRODUCT_BUNDLE_IDENTIFIER = at.arkulpa.StartingAnimations;
				PRODUCT_NAME = "$(TARGET_NAME)";
				SWIFT_VERSION = 5.0;
				TARGETED_DEVICE_FAMILY = "1,2";
			};
			name = Release;
		};
		F8CFCE32264463C2003B94E9 /* Debug */ = {
			isa = XCBuildConfiguration;
			buildSettings = {
				ALWAYS_EMBED_SWIFT_STANDARD_LIBRARIES = YES;
				BUNDLE_LOADER = "$(TEST_HOST)";
				CODE_SIGN_STYLE = Automatic;
				INFOPLIST_FILE = StartingAnimationsTests/Info.plist;
				IPHONEOS_DEPLOYMENT_TARGET = 14.0;
				LD_RUNPATH_SEARCH_PATHS = (
					"$(inherited)",
					"@executable_path/Frameworks",
					"@loader_path/Frameworks",
				);
				PRODUCT_BUNDLE_IDENTIFIER = at.arkulpa.StartingAnimationsTests;
				PRODUCT_NAME = "$(TARGET_NAME)";
				SWIFT_VERSION = 5.0;
				TARGETED_DEVICE_FAMILY = "1,2";
				TEST_HOST = "$(BUILT_PRODUCTS_DIR)/StartingAnimations.app/StartingAnimations";
			};
			name = Debug;
		};
		F8CFCE33264463C2003B94E9 /* Release */ = {
			isa = XCBuildConfiguration;
			buildSettings = {
				ALWAYS_EMBED_SWIFT_STANDARD_LIBRARIES = YES;
				BUNDLE_LOADER = "$(TEST_HOST)";
				CODE_SIGN_STYLE = Automatic;
				INFOPLIST_FILE = StartingAnimationsTests/Info.plist;
				IPHONEOS_DEPLOYMENT_TARGET = 14.0;
				LD_RUNPATH_SEARCH_PATHS = (
					"$(inherited)",
					"@executable_path/Frameworks",
					"@loader_path/Frameworks",
				);
				PRODUCT_BUNDLE_IDENTIFIER = at.arkulpa.StartingAnimationsTests;
				PRODUCT_NAME = "$(TARGET_NAME)";
				SWIFT_VERSION = 5.0;
				TARGETED_DEVICE_FAMILY = "1,2";
				TEST_HOST = "$(BUILT_PRODUCTS_DIR)/StartingAnimations.app/StartingAnimations";
			};
			name = Release;
		};
		F8CFCE35264463C2003B94E9 /* Debug */ = {
			isa = XCBuildConfiguration;
			buildSettings = {
				ALWAYS_EMBED_SWIFT_STANDARD_LIBRARIES = YES;
				CODE_SIGN_STYLE = Automatic;
				INFOPLIST_FILE = StartingAnimationsUITests/Info.plist;
				LD_RUNPATH_SEARCH_PATHS = (
					"$(inherited)",
					"@executable_path/Frameworks",
					"@loader_path/Frameworks",
				);
				PRODUCT_BUNDLE_IDENTIFIER = at.arkulpa.StartingAnimationsUITests;
				PRODUCT_NAME = "$(TARGET_NAME)";
				SWIFT_VERSION = 5.0;
				TARGETED_DEVICE_FAMILY = "1,2";
				TEST_TARGET_NAME = StartingAnimations;
			};
			name = Debug;
		};
		F8CFCE36264463C2003B94E9 /* Release */ = {
			isa = XCBuildConfiguration;
			buildSettings = {
				ALWAYS_EMBED_SWIFT_STANDARD_LIBRARIES = YES;
				CODE_SIGN_STYLE = Automatic;
				INFOPLIST_FILE = StartingAnimationsUITests/Info.plist;
				LD_RUNPATH_SEARCH_PATHS = (
					"$(inherited)",
					"@executable_path/Frameworks",
					"@loader_path/Frameworks",
				);
				PRODUCT_BUNDLE_IDENTIFIER = at.arkulpa.StartingAnimationsUITests;
				PRODUCT_NAME = "$(TARGET_NAME)";
				SWIFT_VERSION = 5.0;
				TARGETED_DEVICE_FAMILY = "1,2";
				TEST_TARGET_NAME = StartingAnimations;
			};
			name = Release;
		};
/* End XCBuildConfiguration section */

/* Begin XCConfigurationList section */
		F8CFCE04264463C1003B94E9 /* Build configuration list for PBXProject "StartingAnimations" */ = {
			isa = XCConfigurationList;
			buildConfigurations = (
				F8CFCE2C264463C2003B94E9 /* Debug */,
				F8CFCE2D264463C2003B94E9 /* Release */,
			);
			defaultConfigurationIsVisible = 0;
			defaultConfigurationName = Release;
		};
		F8CFCE2E264463C2003B94E9 /* Build configuration list for PBXNativeTarget "StartingAnimations" */ = {
			isa = XCConfigurationList;
			buildConfigurations = (
				F8CFCE2F264463C2003B94E9 /* Debug */,
				F8CFCE30264463C2003B94E9 /* Release */,
			);
			defaultConfigurationIsVisible = 0;
			defaultConfigurationName = Release;
		};
		F8CFCE31264463C2003B94E9 /* Build configuration list for PBXNativeTarget "StartingAnimationsTests" */ = {
			isa = XCConfigurationList;
			buildConfigurations = (
				F8CFCE32264463C2003B94E9 /* Debug */,
				F8CFCE33264463C2003B94E9 /* Release */,
			);
			defaultConfigurationIsVisible = 0;
			defaultConfigurationName = Release;
		};
		F8CFCE34264463C2003B94E9 /* Build configuration list for PBXNativeTarget "StartingAnimationsUITests" */ = {
			isa = XCConfigurationList;
			buildConfigurations = (
				F8CFCE35264463C2003B94E9 /* Debug */,
				F8CFCE36264463C2003B94E9 /* Release */,
			);
			defaultConfigurationIsVisible = 0;
			defaultConfigurationName = Release;
		};
/* End XCConfigurationList section */
	};
	rootObject = F8CFCE01264463C1003B94E9 /* Project object */;
}
